
Microsoft Visual Studio Solution File, Format Version 12.00
# Visual Studio Version 17
VisualStudioVersion = 17.8.34330.188
MinimumVisualStudioVersion = 10.0.40219.1
Project("{FAE04EC0-301F-11D3-BF4B-00C04F79EFBC}") = "PracticeProject", "PracticeProject\PracticeProject.csproj", "{754D73DF-BF55-43B2-B472-D8E6BC3DD636}"
EndProject
Global
	GlobalSection(SolutionConfigurationPlatforms) = preSolution
		Debug|Any CPU = Debug|Any CPU
		Release|Any CPU = Release|Any CPU
	EndGlobalSection
	GlobalSection(ProjectConfigurationPlatforms) = postSolution
		{754D73DF-BF55-43B2-B472-D8E6BC3DD636}.Debug|Any CPU.ActiveCfg = Debug|Any CPU
		{754D73DF-BF55-43B2-B472-D8E6BC3DD636}.Debug|Any CPU.Build.0 = Debug|Any CPU
		{754D73DF-BF55-43B2-B472-D8E6BC3DD636}.Release|Any CPU.ActiveCfg = Release|Any CPU
		{754D73DF-BF55-43B2-B472-D8E6BC3DD636}.Release|Any CPU.Build.0 = Release|Any CPU
	EndGlobalSection
	GlobalSection(SolutionProperties) = preSolution
		HideSolutionNode = FALSE
	EndGlobalSection
	GlobalSection(ExtensibilityGlobals) = postSolution
		SolutionGuid = {5AA0EF2F-0C2E-4734-BB89-AFBAC8C43CE0}
	EndGlobalSection
EndGlobal
